
Microsoft Visual Studio Solution File, Format Version 12.00
# Visual Studio 2013
VisualStudioVersion = 12.0.21005.1
MinimumVisualStudioVersion = 10.0.40219.1
Project("{FAE04EC0-301F-11D3-BF4B-00C04F79EFBC}") = "Seranet.SpecM2.Web", "Seranet.SpecM2.Web\Seranet.SpecM2.Web.csproj", "{63C630E0-DE6C-44E8-95FB-12D635F40D47}"
EndProject
Project("{FAE04EC0-301F-11D3-BF4B-00C04F79EFBC}") = "Seranet.SpecM2.Api", "Seranet.SpecM2.Api\Seranet.SpecM2.Api.csproj", "{2FC4075C-1B0A-4B69-B912-940AD2E8D11F}"
EndProject
Project("{FAE04EC0-301F-11D3-BF4B-00C04F79EFBC}") = "Seranet.SpecM2.Model", "Seranet.SpecM2.Model\Seranet.SpecM2.Model.csproj", "{C34D1656-5B4C-4AC7-83AF-8F95BAC71AD1}"
EndProject
Project("{FAE04EC0-301F-11D3-BF4B-00C04F79EFBC}") = "Seranet.SpecM2.Data", "Seranet.SpecM2.Data\Seranet.SpecM2.Data.csproj", "{CCA74425-D3E8-4C5E-BB48-D4098EC1D817}"
EndProject
Global
	GlobalSection(SolutionConfigurationPlatforms) = preSolution
		Debug|Any CPU = Debug|Any CPU
		Release|Any CPU = Release|Any CPU
	EndGlobalSection
	GlobalSection(ProjectConfigurationPlatforms) = postSolution
		{63C630E0-DE6C-44E8-95FB-12D635F40D47}.Debug|Any CPU.ActiveCfg = Debug|Any CPU
		{63C630E0-DE6C-44E8-95FB-12D635F40D47}.Debug|Any CPU.Build.0 = Debug|Any CPU
		{63C630E0-DE6C-44E8-95FB-12D635F40D47}.Release|Any CPU.ActiveCfg = Release|Any CPU
		{63C630E0-DE6C-44E8-95FB-12D635F40D47}.Release|Any CPU.Build.0 = Release|Any CPU
		{2FC4075C-1B0A-4B69-B912-940AD2E8D11F}.Debug|Any CPU.ActiveCfg = Debug|Any CPU
		{2FC4075C-1B0A-4B69-B912-940AD2E8D11F}.Debug|Any CPU.Build.0 = Debug|Any CPU
		{2FC4075C-1B0A-4B69-B912-940AD2E8D11F}.Release|Any CPU.ActiveCfg = Release|Any CPU
		{2FC4075C-1B0A-4B69-B912-940AD2E8D11F}.Release|Any CPU.Build.0 = Release|Any CPU
		{C34D1656-5B4C-4AC7-83AF-8F95BAC71AD1}.Debug|Any CPU.ActiveCfg = Debug|Any CPU
		{C34D1656-5B4C-4AC7-83AF-8F95BAC71AD1}.Debug|Any CPU.Build.0 = Debug|Any CPU
		{C34D1656-5B4C-4AC7-83AF-8F95BAC71AD1}.Release|Any CPU.ActiveCfg = Release|Any CPU
		{C34D1656-5B4C-4AC7-83AF-8F95BAC71AD1}.Release|Any CPU.Build.0 = Release|Any CPU
		{CCA74425-D3E8-4C5E-BB48-D4098EC1D817}.Debug|Any CPU.ActiveCfg = Debug|Any CPU
		{CCA74425-D3E8-4C5E-BB48-D4098EC1D817}.Debug|Any CPU.Build.0 = Debug|Any CPU
		{CCA74425-D3E8-4C5E-BB48-D4098EC1D817}.Release|Any CPU.ActiveCfg = Release|Any CPU
		{CCA74425-D3E8-4C5E-BB48-D4098EC1D817}.Release|Any CPU.Build.0 = Release|Any CPU
	EndGlobalSection
	GlobalSection(SolutionProperties) = preSolution
		HideSolutionNode = FALSE
	EndGlobalSection
EndGlobal
